
Microsoft Visual Studio Solution File, Format Version 12.00
# Visual Studio Version 17
VisualStudioVersion = 17.1.32210.238
MinimumVisualStudioVersion = 10.0.40219.1
Project("{FAE04EC0-301F-11D3-BF4B-00C04F79EFBC}") = "FavoritesTvShowApi", "FavoritesTvShowApi\FavoritesTvShowApi.csproj", "{33436EB0-23CA-493D-B76F-E5A1952A541B}"
EndProject
Global
	GlobalSection(SolutionConfigurationPlatforms) = preSolution
		Debug|Any CPU = Debug|Any CPU
		Release|Any CPU = Release|Any CPU
	EndGlobalSection
	GlobalSection(ProjectConfigurationPlatforms) = postSolution
		{33436EB0-23CA-493D-B76F-E5A1952A541B}.Debug|Any CPU.ActiveCfg = Debug|Any CPU
		{33436EB0-23CA-493D-B76F-E5A1952A541B}.Debug|Any CPU.Build.0 = Debug|Any CPU
		{33436EB0-23CA-493D-B76F-E5A1952A541B}.Release|Any CPU.ActiveCfg = Release|Any CPU
		{33436EB0-23CA-493D-B76F-E5A1952A541B}.Release|Any CPU.Build.0 = Release|Any CPU
	EndGlobalSection
	GlobalSection(SolutionProperties) = preSolution
		HideSolutionNode = FALSE
	EndGlobalSection
	GlobalSection(ExtensibilityGlobals) = postSolution
		SolutionGuid = {4A3C077D-EDD3-4B31-81A2-8D16BE4C66F2}
	EndGlobalSection
EndGlobal
